
Microsoft Visual Studio Solution File, Format Version 12.00
# Visual Studio 15
VisualStudioVersion = 15.0.28307.852
MinimumVisualStudioVersion = 10.0.40219.1
Project("{FAE04EC0-301F-11D3-BF4B-00C04F79EFBC}") = "CodeC1C2.Android", "CodeC1C2\CodeC1C2.Android\CodeC1C2.Android.csproj", "{7875EE69-8F0A-4A12-B77D-C57AF30A0FA5}"
EndProject
Project("{FAE04EC0-301F-11D3-BF4B-00C04F79EFBC}") = "CodeC1C2.iOS", "CodeC1C2\CodeC1C2.iOS\CodeC1C2.iOS.csproj", "{346D8DC0-F429-498C-8082-001695DAF672}"
EndProject
Project("{FAE04EC0-301F-11D3-BF4B-00C04F79EFBC}") = "CodeC1C2", "CodeC1C2\CodeC1C2\CodeC1C2.csproj", "{82F1E6F8-3B10-4DFE-B6C3-F1AD5CE23E3A}"
EndProject
Global
	GlobalSection(SolutionConfigurationPlatforms) = preSolution
		Ad-Hoc|Any CPU = Ad-Hoc|Any CPU
		Ad-Hoc|iPhone = Ad-Hoc|iPhone
		Ad-Hoc|iPhoneSimulator = Ad-Hoc|iPhoneSimulator
		AppStore|Any CPU = AppStore|Any CPU
		AppStore|iPhone = AppStore|iPhone
		AppStore|iPhoneSimulator = AppStore|iPhoneSimulator
		Debug|Any CPU = Debug|Any CPU
		Debug|iPhone = Debug|iPhone
		Debug|iPhoneSimulator = Debug|iPhoneSimulator
		Release|Any CPU = Release|Any CPU
		Release|iPhone = Release|iPhone
		Release|iPhoneSimulator = Release|iPhoneSimulator
	EndGlobalSection
	GlobalSection(ProjectConfigurationPlatforms) = postSolution
		{7875EE69-8F0A-4A12-B77D-C57AF30A0FA5}.Ad-Hoc|Any CPU.ActiveCfg = Release|Any CPU
		{7875EE69-8F0A-4A12-B77D-C57AF30A0FA5}.Ad-Hoc|Any CPU.Build.0 = Release|Any CPU
		{7875EE69-8F0A-4A12-B77D-C57AF30A0FA5}.Ad-Hoc|Any CPU.Deploy.0 = Release|Any CPU
		{7875EE69-8F0A-4A12-B77D-C57AF30A0FA5}.Ad-Hoc|iPhone.ActiveCfg = Release|Any CPU
		{7875EE69-8F0A-4A12-B77D-C57AF30A0FA5}.Ad-Hoc|iPhone.Build.0 = Release|Any CPU
		{7875EE69-8F0A-4A12-B77D-C57AF30A0FA5}.Ad-Hoc|iPhone.Deploy.0 = Release|Any CPU
		{7875EE69-8F0A-4A12-B77D-C57AF30A0FA5}.Ad-Hoc|iPhoneSimulator.ActiveCfg = Release|Any CPU
		{7875EE69-8F0A-4A12-B77D-C57AF30A0FA5}.Ad-Hoc|iPhoneSimulator.Build.0 = Release|Any CPU
		{7875EE69-8F0A-4A12-B77D-C57AF30A0FA5}.Ad-Hoc|iPhoneSimulator.Deploy.0 = Release|Any CPU
		{7875EE69-8F0A-4A12-B77D-C57AF30A0FA5}.AppStore|Any CPU.ActiveCfg = Release|Any CPU
		{7875EE69-8F0A-4A12-B77D-C57AF30A0FA5}.AppStore|Any CPU.Build.0 = Release|Any CPU
		{7875EE69-8F0A-4A12-B77D-C57AF30A0FA5}.AppStore|Any CPU.Deploy.0 = Release|Any CPU
		{7875EE69-8F0A-4A12-B77D-C57AF30A0FA5}.AppStore|iPhone.ActiveCfg = Release|Any CPU
		{7875EE69-8F0A-4A12-B77D-C57AF30A0FA5}.AppStore|iPhone.Build.0 = Release|Any CPU
		{7875EE69-8F0A-4A12-B77D-C57AF30A0FA5}.AppStore|iPhone.Deploy.0 = Release|Any CPU
		{7875EE69-8F0A-4A12-B77D-C57AF30A0FA5}.AppStore|iPhoneSimulator.ActiveCfg = Release|Any CPU
		{7875EE69-8F0A-4A12-B77D-C57AF30A0FA5}.AppStore|iPhoneSimulator.Build.0 = Release|Any CPU
		{7875EE69-8F0A-4A12-B77D-C57AF30A0FA5}.AppStore|iPhoneSimulator.Deploy.0 = Release|Any CPU
		{7875EE69-8F0A-4A12-B77D-C57AF30A0FA5}.Debug|Any CPU.ActiveCfg = Debug|Any CPU
		{7875EE69-8F0A-4A12-B77D-C57AF30A0FA5}.Debug|Any CPU.Build.0 = Debug|Any CPU
		{7875EE69-8F0A-4A12-B77D-C57AF30A0FA5}.Debug|Any CPU.Deploy.0 = Debug|Any CPU
		{7875EE69-8F0A-4A12-B77D-C57AF30A0FA5}.Debug|iPhone.ActiveCfg = Debug|Any CPU
		{7875EE69-8F0A-4A12-B77D-C57AF30A0FA5}.Debug|iPhone.Build.0 = Debug|Any CPU
		{7875EE69-8F0A-4A12-B77D-C57AF30A0FA5}.Debug|iPhone.Deploy.0 = Debug|Any CPU
		{7875EE69-8F0A-4A12-B77D-C57AF30A0FA5}.Debug|iPhoneSimulator.ActiveCfg = Debug|Any CPU
		{7875EE69-8F0A-4A12-B77D-C57AF30A0FA5}.Debug|iPhoneSimulator.Build.0 = Debug|Any CPU
		{7875EE69-8F0A-4A12-B77D-C57AF30A0FA5}.Debug|iPhoneSimulator.Deploy.0 = Debug|Any CPU
		{7875EE69-8F0A-4A12-B77D-C57AF30A0FA5}.Release|Any CPU.ActiveCfg = Release|Any CPU
		{7875EE69-8F0A-4A12-B77D-C57AF30A0FA5}.Release|Any CPU.Build.0 = Release|Any CPU
		{7875EE69-8F0A-4A12-B77D-C57AF30A0FA5}.Release|Any CPU.Deploy.0 = Release|Any CPU
		{7875EE69-8F0A-4A12-B77D-C57AF30A0FA5}.Release|iPhone.ActiveCfg = Release|Any CPU
		{7875EE69-8F0A-4A12-B77D-C57AF30A0FA5}.Release|iPhone.Build.0 = Release|Any CPU
		{7875EE69-8F0A-4A12-B77D-C57AF30A0FA5}.Release|iPhone.Deploy.0 = Release|Any CPU
		{7875EE69-8F0A-4A12-B77D-C57AF30A0FA5}.Release|iPhoneSimulator.ActiveCfg = Release|Any CPU
		{7875EE69-8F0A-4A12-B77D-C57AF30A0FA5}.Release|iPhoneSimulator.Build.0 = Release|Any CPU
		{7875EE69-8F0A-4A12-B77D-C57AF30A0FA5}.Release|iPhoneSimulator.Deploy.0 = Release|Any CPU
		{346D8DC0-F429-498C-8082-001695DAF672}.Ad-Hoc|Any CPU.ActiveCfg = Ad-Hoc|iPhone
		{346D8DC0-F429-498C-8082-001695DAF672}.Ad-Hoc|Any CPU.Build.0 = Ad-Hoc|iPhone
		{346D8DC0-F429-498C-8082-001695DAF672}.Ad-Hoc|Any CPU.Deploy.0 = Ad-Hoc|iPhone
		{346D8DC0-F429-498C-8082-001695DAF672}.Ad-Hoc|iPhone.ActiveCfg = Ad-Hoc|iPhone
		{346D8DC0-F429-498C-8082-001695DAF672}.Ad-Hoc|iPhone.Build.0 = Ad-Hoc|iPhone
		{346D8DC0-F429-498C-8082-001695DAF672}.Ad-Hoc|iPhone.Deploy.0 = Ad-Hoc|iPhone
		{346D8DC0-F429-498C-8082-001695DAF672}.Ad-Hoc|iPhoneSimulator.ActiveCfg = Ad-Hoc|iPhoneSimulator
		{346D8DC0-F429-498C-8082-001695DAF672}.Ad-Hoc|iPhoneSimulator.Build.0 = Ad-Hoc|iPhoneSimulator
		{346D8DC0-F429-498C-8082-001695DAF672}.Ad-Hoc|iPhoneSimulator.Deploy.0 = Ad-Hoc|iPhoneSimulator
		{346D8DC0-F429-498C-8082-001695DAF672}.AppStore|Any CPU.ActiveCfg = AppStore|iPhone
		{346D8DC0-F429-498C-8082-001695DAF672}.AppStore|Any CPU.Build.0 = AppStore|iPhone
		{346D8DC0-F429-498C-8082-001695DAF672}.AppStore|Any CPU.Deploy.0 = AppStore|iPhone
		{346D8DC0-F429-498C-8082-001695DAF672}.AppStore|iPhone.ActiveCfg = AppStore|iPhone
		{346D8DC0-F429-498C-8082-001695DAF672}.AppStore|iPhone.Build.0 = AppStore|iPhone
		{346D8DC0-F429-498C-8082-001695DAF672}.AppStore|iPhone.Deploy.0 = AppStore|iPhone
		{346D8DC0-F429-498C-8082-001695DAF672}.AppStore|iPhoneSimulator.ActiveCfg = AppStore|iPhoneSimulator
		{346D8DC0-F429-498C-8082-001695DAF672}.AppStore|iPhoneSimulator.Build.0 = AppStore|iPhoneSimulator
		{346D8DC0-F429-498C-8082-001695DAF672}.AppStore|iPhoneSimulator.Deploy.0 = AppStore|iPhoneSimulator
		{346D8DC0-F429-498C-8082-001695DAF672}.Debug|Any CPU.ActiveCfg = Debug|iPhoneSimulator
		{346D8DC0-F429-498C-8082-001695DAF672}.Debug|Any CPU.Build.0 = Debug|iPhoneSimulator
		{346D8DC0-F429-498C-8082-001695DAF672}.Debug|Any CPU.Deploy.0 = Debug|iPhoneSimulator
		{346D8DC0-F429-498C-8082-001695DAF672}.Debug|iPhone.ActiveCfg = Debug|iPhone
		{346D8DC0-F429-498C-8082-001695DAF672}.Debug|iPhone.Build.0 = Debug|iPhone
		{346D8DC0-F429-498C-8082-001695DAF672}.Debug|iPhone.Deploy.0 = Debug|iPhone
		{346D8DC0-F429-498C-8082-001695DAF672}.Debug|iPhoneSimulator.ActiveCfg = Debug|iPhoneSimulator
		{346D8DC0-F429-498C-8082-001695DAF672}.Debug|iPhoneSimulator.Build.0 = Debug|iPhoneSimulator
		{346D8DC0-F429-498C-8082-001695DAF672}.Debug|iPhoneSimulator.Deploy.0 = Debug|iPhoneSimulator
		{346D8DC0-F429-498C-8082-001695DAF672}.Release|Any CPU.ActiveCfg = Release|iPhone
		{346D8DC0-F429-498C-8082-001695DAF672}.Release|Any CPU.Build.0 = Release|iPhone
		{346D8DC0-F429-498C-8082-001695DAF672}.Release|Any CPU.Deploy.0 = Release|iPhone
		{346D8DC0-F429-498C-8082-001695DAF672}.Release|iPhone.ActiveCfg = Release|iPhone
		{346D8DC0-F429-498C-8082-001695DAF672}.Release|iPhone.Build.0 = Release|iPhone
		{346D8DC0-F429-498C-8082-001695DAF672}.Release|iPhone.Deploy.0 = Release|iPhone
		{346D8DC0-F429-498C-8082-001695DAF672}.Release|iPhoneSimulator.ActiveCfg = Release|iPhoneSimulator
		{346D8DC0-F429-498C-8082-001695DAF672}.Release|iPhoneSimulator.Build.0 = Release|iPhoneSimulator
		{346D8DC0-F429-498C-8082-001695DAF672}.Release|iPhoneSimulator.Deploy.0 = Release|iPhoneSimulator
		{82F1E6F8-3B10-4DFE-B6C3-F1AD5CE23E3A}.Ad-Hoc|Any CPU.ActiveCfg = Debug|Any CPU
		{82F1E6F8-3B10-4DFE-B6C3-F1AD5CE23E3A}.Ad-Hoc|Any CPU.Build.0 = Debug|Any CPU
		{82F1E6F8-3B10-4DFE-B6C3-F1AD5CE23E3A}.Ad-Hoc|Any CPU.Deploy.0 = Debug|Any CPU
		{82F1E6F8-3B10-4DFE-B6C3-F1AD5CE23E3A}.Ad-Hoc|iPhone.ActiveCfg = Debug|Any CPU
		{82F1E6F8-3B10-4DFE-B6C3-F1AD5CE23E3A}.Ad-Hoc|iPhone.Build.0 = Debug|Any CPU
		{82F1E6F8-3B10-4DFE-B6C3-F1AD5CE23E3A}.Ad-Hoc|iPhone.Deploy.0 = Debug|Any CPU
		{82F1E6F8-3B10-4DFE-B6C3-F1AD5CE23E3A}.Ad-Hoc|iPhoneSimulator.ActiveCfg = Debug|Any CPU
		{82F1E6F8-3B10-4DFE-B6C3-F1AD5CE23E3A}.Ad-Hoc|iPhoneSimulator.Build.0 = Debug|Any CPU
		{82F1E6F8-3B10-4DFE-B6C3-F1AD5CE23E3A}.Ad-Hoc|iPhoneSimulator.Deploy.0 = Debug|Any CPU
		{82F1E6F8-3B10-4DFE-B6C3-F1AD5CE23E3A}.AppStore|Any CPU.ActiveCfg = Debug|Any CPU
		{82F1E6F8-3B10-4DFE-B6C3-F1AD5CE23E3A}.AppStore|Any CPU.Build.0 = Debug|Any CPU
		{82F1E6F8-3B10-4DFE-B6C3-F1AD5CE23E3A}.AppStore|Any CPU.Deploy.0 = Debug|Any CPU
		{82F1E6F8-3B10-4DFE-B6C3-F1AD5CE23E3A}.AppStore|iPhone.ActiveCfg = Debug|Any CPU
		{82F1E6F8-3B10-4DFE-B6C3-F1AD5CE23E3A}.AppStore|iPhone.Build.0 = Debug|Any CPU
		{82F1E6F8-3B10-4DFE-B6C3-F1AD5CE23E3A}.AppStore|iPhone.Deploy.0 = Debug|Any CPU
		{82F1E6F8-3B10-4DFE-B6C3-F1AD5CE23E3A}.AppStore|iPhoneSimulator.ActiveCfg = Debug|Any CPU
		{82F1E6F8-3B10-4DFE-B6C3-F1AD5CE23E3A}.AppStore|iPhoneSimulator.Build.0 = Debug|Any CPU
		{82F1E6F8-3B10-4DFE-B6C3-F1AD5CE23E3A}.AppStore|iPhoneSimulator.Deploy.0 = Debug|Any CPU
		{82F1E6F8-3B10-4DFE-B6C3-F1AD5CE23E3A}.Debug|Any CPU.ActiveCfg = Debug|Any CPU
		{82F1E6F8-3B10-4DFE-B6C3-F1AD5CE23E3A}.Debug|Any CPU.Build.0 = Debug|Any CPU
		{82F1E6F8-3B10-4DFE-B6C3-F1AD5CE23E3A}.Debug|Any CPU.Deploy.0 = Debug|Any CPU
		{82F1E6F8-3B10-4DFE-B6C3-F1AD5CE23E3A}.Debug|iPhone.ActiveCfg = Debug|Any CPU
		{82F1E6F8-3B10-4DFE-B6C3-F1AD5CE23E3A}.Debug|iPhone.Build.0 = Debug|Any CPU
		{82F1E6F8-3B10-4DFE-B6C3-F1AD5CE23E3A}.Debug|iPhone.Deploy.0 = Debug|Any CPU
		{82F1E6F8-3B10-4DFE-B6C3-F1AD5CE23E3A}.Debug|iPhoneSimulator.ActiveCfg = Debug|Any CPU
		{82F1E6F8-3B10-4DFE-B6C3-F1AD5CE23E3A}.Debug|iPhoneSimulator.Build.0 = Debug|Any CPU
		{82F1E6F8-3B10-4DFE-B6C3-F1AD5CE23E3A}.Debug|iPhoneSimulator.Deploy.0 = Debug|Any CPU
		{82F1E6F8-3B10-4DFE-B6C3-F1AD5CE23E3A}.Release|Any CPU.ActiveCfg = Release|Any CPU
		{82F1E6F8-3B10-4DFE-B6C3-F1AD5CE23E3A}.Release|Any CPU.Build.0 = Release|Any CPU
		{82F1E6F8-3B10-4DFE-B6C3-F1AD5CE23E3A}.Release|Any CPU.Deploy.0 = Release|Any CPU
		{82F1E6F8-3B10-4DFE-B6C3-F1AD5CE23E3A}.Release|iPhone.ActiveCfg = Release|Any CPU
		{82F1E6F8-3B10-4DFE-B6C3-F1AD5CE23E3A}.Release|iPhone.Build.0 = Release|Any CPU
		{82F1E6F8-3B10-4DFE-B6C3-F1AD5CE23E3A}.Release|iPhone.Deploy.0 = Release|Any CPU
		{82F1E6F8-3B10-4DFE-B6C3-F1AD5CE23E3A}.Release|iPhoneSimulator.ActiveCfg = Release|Any CPU
		{82F1E6F8-3B10-4DFE-B6C3-F1AD5CE23E3A}.Release|iPhoneSimulator.Build.0 = Release|Any CPU
		{82F1E6F8-3B10-4DFE-B6C3-F1AD5CE23E3A}.Release|iPhoneSimulator.Deploy.0 = Release|Any CPU
	EndGlobalSection
	GlobalSection(SolutionProperties) = preSolution
		HideSolutionNode = FALSE
	EndGlobalSection
	GlobalSection(ExtensibilityGlobals) = postSolution
		SolutionGuid = {C21AF417-150B-40B3-A5E9-739099A50FE8}
	EndGlobalSection
EndGlobal
